
Microsoft Visual Studio Solution File, Format Version 12.00
# Visual Studio Version 17
VisualStudioVersion = 17.3.32819.101
MinimumVisualStudioVersion = 10.0.40219.1
Project("{8BC9CEB8-8B4A-11D0-8D11-00A0C91BC942}") = "Advent", "Advent\Advent.vcxproj", "{3E7E22B5-9B03-400B-A5CE-8F6D67CB305A}"
EndProject
Global
	GlobalSection(SolutionConfigurationPlatforms) = preSolution
		Debug|x64 = Debug|x64
		Debug|x86 = Debug|x86
		Release|x64 = Release|x64
		Release|x86 = Release|x86
	EndGlobalSection
	GlobalSection(ProjectConfigurationPlatforms) = postSolution
		{3E7E22B5-9B03-400B-A5CE-8F6D67CB305A}.Debug|x64.ActiveCfg = Debug|x64
		{3E7E22B5-9B03-400B-A5CE-8F6D67CB305A}.Debug|x64.Build.0 = Debug|x64
		{3E7E22B5-9B03-400B-A5CE-8F6D67CB305A}.Debug|x86.ActiveCfg = Debug|Win32
		{3E7E22B5-9B03-400B-A5CE-8F6D67CB305A}.Debug|x86.Build.0 = Debug|Win32
		{3E7E22B5-9B03-400B-A5CE-8F6D67CB305A}.Release|x64.ActiveCfg = Release|x64
		{3E7E22B5-9B03-400B-A5CE-8F6D67CB305A}.Release|x64.Build.0 = Release|x64
		{3E7E22B5-9B03-400B-A5CE-8F6D67CB305A}.Release|x86.ActiveCfg = Release|Win32
		{3E7E22B5-9B03-400B-A5CE-8F6D67CB305A}.Release|x86.Build.0 = Release|Win32
	EndGlobalSection
	GlobalSection(SolutionProperties) = preSolution
		HideSolutionNode = FALSE
	EndGlobalSection
	GlobalSection(ExtensibilityGlobals) = postSolution
		SolutionGuid = {7FDD4EB4-4441-48AE-954F-E52DEA9AC0E1}
	EndGlobalSection
EndGlobal
